// !$*UTF8*$!
{
	archiveVersion = 1;
	classes = {
	};
	objectVersion = 50;
	objects = {

/* Begin PBXBuildFile section */
		885BE3D423E00A5C003FE74F /* AppDelegate.swift in Sources */ = {isa = PBXBuildFile; fileRef = 885BE3D323E00A5C003FE74F /* AppDelegate.swift */; };
		885BE3D623E00A5C003FE74F /* SceneDelegate.swift in Sources */ = {isa = PBXBuildFile; fileRef = 885BE3D523E00A5C003FE74F /* SceneDelegate.swift */; };
		885BE3D823E00A5C003FE74F /* ViewController.swift in Sources */ = {isa = PBXBuildFile; fileRef = 885BE3D723E00A5C003FE74F /* ViewController.swift */; };
		885BE3DB23E00A5C003FE74F /* Main.storyboard in Resources */ = {isa = PBXBuildFile; fileRef = 885BE3D923E00A5C003FE74F /* Main.storyboard */; };
		885BE3DD23E00A62003FE74F /* Assets.xcassets in Resources */ = {isa = PBXBuildFile; fileRef = 885BE3DC23E00A62003FE74F /* Assets.xcassets */; };
		885BE3E023E00A62003FE74F /* LaunchScreen.storyboard in Resources */ = {isa = PBXBuildFile; fileRef = 885BE3DE23E00A62003FE74F /* LaunchScreen.storyboard */; };
/* End PBXBuildFile section */

/* Begin PBXFileReference section */
		885BE3D023E00A5C003FE74F /* C2.L1.HelloWorldApp.app */ = {isa = PBXFileReference; explicitFileType = wrapper.application; includeInIndex = 0; path = C2.L1.HelloWorldApp.app; sourceTree = BUILT_PRODUCTS_DIR; };
		885BE3D323E00A5C003FE74F /* AppDelegate.swift */ = {isa = PBXFileReference; lastKnownFileType = sourcecode.swift; path = AppDelegate.swift; sourceTree = "<group>"; };
		885BE3D523E00A5C003FE74F /* SceneDelegate.swift */ = {isa = PBXFileReference; lastKnownFileType = sourcecode.swift; path = SceneDelegate.swift; sourceTree = "<group>"; };
		885BE3D723E00A5C003FE74F /* ViewController.swift */ = {isa = PBXFileReference; lastKnownFileType = sourcecode.swift; path = ViewController.swift; sourceTree = "<group>"; };
		885BE3DA23E00A5C003FE74F /* Base */ = {isa = PBXFileReference; lastKnownFileType = file.storyboard; name = Base; path = Base.lproj/Main.storyboard; sourceTree = "<group>"; };
		885BE3DC23E00A62003FE74F /* Assets.xcassets */ = {isa = PBXFileReference; lastKnownFileType = folder.assetcatalog; path = Assets.xcassets; sourceTree = "<group>"; };
		885BE3DF23E00A62003FE74F /* Base */ = {isa = PBXFileReference; lastKnownFileType = file.storyboard; name = Base; path = Base.lproj/LaunchScreen.storyboard; sourceTree = "<group>"; };
		885BE3E123E00A62003FE74F /* Info.plist */ = {isa = PBXFileReference; lastKnownFileType = text.plist.xml; path = Info.plist; sourceTree = "<group>"; };
/* End PBXFileReference section */

/* Begin PBXFrameworksBuildPhase section */
		885BE3CD23E00A5C003FE74F /* Frameworks */ = {
			isa = PBXFrameworksBuildPhase;
			buildActionMask = 2147483647;
			files = (
			);
			runOnlyForDeploymentPostprocessing = 0;
		};
/* End PBXFrameworksBuildPhase section */

/* Begin PBXGroup section */
		885BE3C723E00A5C003FE74F = {
			isa = PBXGroup;
			children = (
				885BE3D223E00A5C003FE74F /* C2.L1.HelloWorldApp */,
				885BE3D123E00A5C003FE74F /* Products */,
			);
			sourceTree = "<group>";
		};
		885BE3D123E00A5C003FE74F /* Products */ = {
			isa = PBXGroup;
			children = (
				885BE3D023E00A5C003FE74F /* C2.L1.HelloWorldApp.app */,
			);
			name = Products;
			sourceTree = "<group>";
		};
		885BE3D223E00A5C003FE74F /* C2.L1.HelloWorldApp */ = {
			isa = PBXGroup;
			children = (
				885BE3D323E00A5C003FE74F /* AppDelegate.swift */,
				885BE3D523E00A5C003FE74F /* SceneDelegate.swift */,
				885BE3D723E00A5C003FE74F /* ViewController.swift */,
				885BE3D923E00A5C003FE74F /* Main.storyboard */,
				885BE3DC23E00A62003FE74F /* Assets.xcassets */,
				885BE3DE23E00A62003FE74F /* LaunchScreen.storyboard */,
				885BE3E123E00A62003FE74F /* Info.plist */,
			);
			path = C2.L1.HelloWorldApp;
			sourceTree = "<group>";
		};
/* End PBXGroup section */

/* Begin PBXNativeTarget section */
		885BE3CF23E00A5C003FE74F /* C2.L1.HelloWorldApp */ = {
			isa = PBXNativeTarget;
			buildConfigurationList = 885BE3E423E00A62003FE74F /* Build configuration list for PBXNativeTarget "C2.L1.HelloWorldApp" */;
			buildPhases = (
				885BE3CC23E00A5C003FE74F /* Sources */,
				885BE3CD23E00A5C003FE74F /* Frameworks */,
				885BE3CE23E00A5C003FE74F /* Resources */,
			);
			buildRules = (
			);
			dependencies = (
			);
			name = C2.L1.HelloWorldApp;
			productName = C2.L1.HelloWorldApp;
			productReference = 885BE3D023E00A5C003FE74F /* C2.L1.HelloWorldApp.app */;
			productType = "com.apple.product-type.application";
		};
/* End PBXNativeTarget section */

/* Begin PBXProject section */
		885BE3C823E00A5C003FE74F /* Project object */ = {
			isa = PBXProject;
			attributes = {
				LastSwiftUpdateCheck = 1110;
				LastUpgradeCheck = 1110;
				ORGANIZATIONNAME = "Evgen Studio";
				TargetAttributes = {
					885BE3CF23E00A5C003FE74F = {
						CreatedOnToolsVersion = 11.1;
					};
				};
			};
			buildConfigurationList = 885BE3CB23E00A5C003FE74F /* Build configuration list for PBXProject "C2.L1.HelloWorldApp" */;
			compatibilityVersion = "Xcode 9.3";
			developmentRegion = en;
			hasScannedForEncodings = 0;
			knownRegions = (
				en,
				Base,
			);
			mainGroup = 885BE3C723E00A5C003FE74F;
			productRefGroup = 885BE3D123E00A5C003FE74F /* Products */;
			projectDirPath = "";
			projectRoot = "";
			targets = (
				885BE3CF23E00A5C003FE74F /* C2.L1.HelloWorldApp */,
			);
		};
/* End PBXProject section */

/* Begin PBXResourcesBuildPhase section */
		885BE3CE23E00A5C003FE74F /* Resources */ = {
			isa = PBXResourcesBuildPhase;
			buildActionMask = 2147483647;
			files = (
				885BE3E023E00A62003FE74F /* LaunchScreen.storyboard in Resources */,
				885BE3DD23E00A62003FE74F /* Assets.xcassets in Resources */,
				885BE3DB23E00A5C003FE74F /* Main.storyboard in Resources */,
			);
			runOnlyForDeploymentPostprocessing = 0;
		};
/* End PBXResourcesBuildPhase section */

/* Begin PBXSourcesBuildPhase section */
		885BE3CC23E00A5C003FE74F /* Sources */ = {
			isa = PBXSourcesBuildPhase;
			buildActionMask = 2147483647;
			files = (
				885BE3D823E00A5C003FE74F /* ViewController.swift in Sources */,
				885BE3D423E00A5C003FE74F /* AppDelegate.swift in Sources */,
				885BE3D623E00A5C003FE74F /* SceneDelegate.swift in Sources */,
			);
			runOnlyForDeploymentPostprocessing = 0;
		};
/* End PBXSourcesBuildPhase section */

/* Begin PBXVariantGroup section */
		885BE3D923E00A5C003FE74F /* Main.storyboard */ = {
			isa = PBXVariantGroup;
			children = (
				885BE3DA23E00A5C003FE74F /* Base */,
			);
			name = Main.storyboard;
			sourceTree = "<group>";
		};
		885BE3DE23E00A62003FE74F /* LaunchScreen.storyboard */ = {
			isa = PBXVariantGroup;
			children = (
				885BE3DF23E00A62003FE74F /* Base */,
			);
			name = LaunchScreen.storyboard;
			sourceTree = "<group>";
		};
/* End PBXVariantGroup section */

/* Begin XCBuildConfiguration section */
		885BE3E223E00A62003FE74F /* Debug */ = {
			isa = XCBuildConfiguration;
			buildSettings = {
				ALWAYS_SEARCH_USER_PATHS = NO;
				CLANG_ANALYZER_NONNULL = YES;
				CLANG_ANALYZER_NUMBER_OBJECT_CONVERSION = YES_AGGRESSIVE;
				CLANG_CXX_LANGUAGE_STANDARD = "gnu++14";
				CLANG_CXX_LIBRARY = "libc++";
				CLANG_ENABLE_MODULES = YES;
				CLANG_ENABLE_OBJC_ARC = YES;
				CLANG_ENABLE_OBJC_WEAK = YES;
				CLANG_WARN_BLOCK_CAPTURE_AUTORELEASING = YES;
				CLANG_WARN_BOOL_CONVERSION = YES;
				CLANG_WARN_COMMA = YES;
				CLANG_WARN_CONSTANT_CONVERSION = YES;
				CLANG_WARN_DEPRECATED_OBJC_IMPLEMENTATIONS = YES;
				CLANG_WARN_DIRECT_OBJC_ISA_USAGE = YES_ERROR;
				CLANG_WARN_DOCUMENTATION_COMMENTS = YES;
				CLANG_WARN_EMPTY_BODY = YES;
				CLANG_WARN_ENUM_CONVERSION = YES;
				CLANG_WARN_INFINITE_RECURSION = YES;
				CLANG_WARN_INT_CONVERSION = YES;
				CLANG_WARN_NON_LITERAL_NULL_CONVERSION = YES;
				CLANG_WARN_OBJC_IMPLICIT_RETAIN_SELF = YES;
				CLANG_WARN_OBJC_LITERAL_CONVERSION = YES;
				CLANG_WARN_OBJC_ROOT_CLASS = YES_ERROR;
				CLANG_WARN_RANGE_LOOP_ANALYSIS = YES;
				CLANG_WARN_STRICT_PROTOTYPES = YES;
				CLANG_WARN_SUSPICIOUS_MOVE = YES;
				CLANG_WARN_UNGUARDED_AVAILABILITY = YES_AGGRESSIVE;
				CLANG_WARN_UNREACHABLE_CODE = YES;
				CLANG_WARN__DUPLICATE_METHOD_MATCH = YES;
				COPY_PHASE_STRIP = NO;
				DEBUG_INFORMATION_FORMAT = dwarf;
				ENABLE_STRICT_OBJC_MSGSEND = YES;
				ENABLE_TESTABILITY = YES;
				GCC_C_LANGUAGE_STANDARD = gnu11;
				GCC_DYNAMIC_NO_PIC = NO;
				GCC_NO_COMMON_BLOCKS = YES;
				GCC_OPTIMIZATION_LEVEL = 0;
				GCC_PREPROCESSOR_DEFINITIONS = (
					"DEBUG=1",
					"$(inherited)",
				);
				GCC_WARN_64_TO_32_BIT_CONVERSION = YES;
				GCC_WARN_ABOUT_RETURN_TYPE = YES_ERROR;
				GCC_WARN_UNDECLARED_SELECTOR = YES;
				GCC_WARN_UNINITIALIZED_AUTOS = YES_AGGRESSIVE;
				GCC_WARN_UNUSED_FUNCTION = YES;
				GCC_WARN_UNUSED_VARIABLE = YES;
				IPHONEOS_DEPLOYMENT_TARGET = 13.1;
				MTL_ENABLE_DEBUG_INFO = INCLUDE_SOURCE;
				MTL_FAST_MATH = YES;
				ONLY_ACTIVE_ARCH = YES;
				SDKROOT = iphoneos;
				SWIFT_ACTIVE_COMPILATION_CONDITIONS = DEBUG;
				SWIFT_OPTIMIZATION_LEVEL = "-Onone";
			};
			name = Debug;
		};
		885BE3E323E00A62003FE74F /* Release */ = {
			isa = XCBuildConfiguration;
			buildSettings = {
				ALWAYS_SEARCH_USER_PATHS = NO;
				CLANG_ANALYZER_NONNULL = YES;
				CLANG_ANALYZER_NUMBER_OBJECT_CONVERSION = YES_AGGRESSIVE;
				CLANG_CXX_LANGUAGE_STANDARD = "gnu++14";
				CLANG_CXX_LIBRARY = "libc++";
				CLANG_ENABLE_MODULES = YES;
				CLANG_ENABLE_OBJC_ARC = YES;
				CLANG_ENABLE_OBJC_WEAK = YES;
				CLANG_WARN_BLOCK_CAPTURE_AUTORELEASING = YES;
				CLANG_WARN_BOOL_CONVERSION = YES;
				CLANG_WARN_COMMA = YES;
				CLANG_WARN_CONSTANT_CONVERSION = YES;
				CLANG_WARN_DEPRECATED_OBJC_IMPLEMENTATIONS = YES;
				CLANG_WARN_DIRECT_OBJC_ISA_USAGE = YES_ERROR;
				CLANG_WARN_DOCUMENTATION_COMMENTS = YES;
				CLANG_WARN_EMPTY_BODY = YES;
				CLANG_WARN_ENUM_CONVERSION = YES;
				CLANG_WARN_INFINITE_RECURSION = YES;
				CLANG_WARN_INT_CONVERSION = YES;
				CLANG_WARN_NON_LITERAL_NULL_CONVERSION = YES;
				CLANG_WARN_OBJC_IMPLICIT_RETAIN_SELF = YES;
				CLANG_WARN_OBJC_LITERAL_CONVERSION = YES;
				CLANG_WARN_OBJC_ROOT_CLASS = YES_ERROR;
				CLANG_WARN_RANGE_LOOP_ANALYSIS = YES;
				CLANG_WARN_STRICT_PROTOTYPES = YES;
				CLANG_WARN_SUSPICIOUS_MOVE = YES;
				CLANG_WARN_UNGUARDED_AVAILABILITY = YES_AGGRESSIVE;
				CLANG_WARN_UNREACHABLE_CODE = YES;
				CLANG_WARN__DUPLICATE_METHOD_MATCH = YES;
				COPY_PHASE_STRIP = NO;
				DEBUG_INFORMATION_FORMAT = "dwarf-with-dsym";
				ENABLE_NS_ASSERTIONS = NO;
				ENABLE_STRICT_OBJC_MSGSEND = YES;
				GCC_C_LANGUAGE_STANDARD = gnu11;
				GCC_NO_COMMON_BLOCKS = YES;
				GCC_WARN_64_TO_32_BIT_CONVERSION = YES;
				GCC_WARN_ABOUT_RETURN_TYPE = YES_ERROR;
				GCC_WARN_UNDECLARED_SELECTOR = YES;
				GCC_WARN_UNINITIALIZED_AUTOS = YES_AGGRESSIVE;
				GCC_WARN_UNUSED_FUNCTION = YES;
				GCC_WARN_UNUSED_VARIABLE = YES;
				IPHONEOS_DEPLOYMENT_TARGET = 13.1;
				MTL_ENABLE_DEBUG_INFO = NO;
				MTL_FAST_MATH = YES;
				SDKROOT = iphoneos;
				SWIFT_COMPILATION_MODE = wholemodule;
				SWIFT_OPTIMIZATION_LEVEL = "-O";
				VALIDATE_PRODUCT = YES;
			};
			name = Release;
		};
		885BE3E523E00A62003FE74F /* Debug */ = {
			isa = XCBuildConfiguration;
			buildSettings = {
				ASSETCATALOG_COMPILER_APPICON_NAME = AppIcon;
				CODE_SIGN_STYLE = Automatic;
				DEVELOPMENT_TEAM = P4XKPBDWQQ;
				INFOPLIST_FILE = C2.L1.HelloWorldApp/Info.plist;
				LD_RUNPATH_SEARCH_PATHS = (
					"$(inherited)",
					"@executable_path/Frameworks",
				);
				PRODUCT_BUNDLE_IDENTIFIER = "ek.techstudio.C2-L1-HelloWorldApp";
				PRODUCT_NAME = "$(TARGET_NAME)";
				SWIFT_VERSION = 5.0;
				TARGETED_DEVICE_FAMILY = "1,2";
			};
			name = Debug;
		};
		885BE3E623E00A62003FE74F /* Release */ = {
			isa = XCBuildConfiguration;
			buildSettings = {
				ASSETCATALOG_COMPILER_APPICON_NAME = AppIcon;
				CODE_SIGN_STYLE = Automatic;
				DEVELOPMENT_TEAM = P4XKPBDWQQ;
				INFOPLIST_FILE = C2.L1.HelloWorldApp/Info.plist;
				LD_RUNPATH_SEARCH_PATHS = (
					"$(inherited)",
					"@executable_path/Frameworks",
				);
				PRODUCT_BUNDLE_IDENTIFIER = "ek.techstudio.C2-L1-HelloWorldApp";
				PRODUCT_NAME = "$(TARGET_NAME)";
				SWIFT_VERSION = 5.0;
				TARGETED_DEVICE_FAMILY = "1,2";
			};
			name = Release;
		};
/* End XCBuildConfiguration section */

/* Begin XCConfigurationList section */
		885BE3CB23E00A5C003FE74F /* Build configuration list for PBXProject "C2.L1.HelloWorldApp" */ = {
			isa = XCConfigurationList;
			buildConfigurations = (
				885BE3E223E00A62003FE74F /* Debug */,
				885BE3E323E00A62003FE74F /* Release */,
			);
			defaultConfigurationIsVisible = 0;
			defaultConfigurationName = Release;
		};
		885BE3E423E00A62003FE74F /* Build configuration list for PBXNativeTarget "C2.L1.HelloWorldApp" */ = {
			isa = XCConfigurationList;
			buildConfigurations = (
				885BE3E523E00A62003FE74F /* Debug */,
				885BE3E623E00A62003FE74F /* Release */,
			);
			defaultConfigurationIsVisible = 0;
			defaultConfigurationName = Release;
		};
/* End XCConfigurationList section */
	};
	rootObject = 885BE3C823E00A5C003FE74F /* Project object */;
}
